
Microsoft Visual Studio Solution File, Format Version 12.00
# Visual Studio 15
VisualStudioVersion = 15.0.28307.757
MinimumVisualStudioVersion = 10.0.40219.1
Project("{FAE04EC0-301F-11D3-BF4B-00C04F79EFBC}") = "HousingOffersAPI", "HousingOffersAPI\HousingOffersAPI.csproj", "{093166AF-8344-4930-A3DB-8EB7DA99FBA7}"
EndProject
Global
	GlobalSection(SolutionConfigurationPlatforms) = preSolution
		Debug|Any CPU = Debug|Any CPU
		Release|Any CPU = Release|Any CPU
	EndGlobalSection
	GlobalSection(ProjectConfigurationPlatforms) = postSolution
		{093166AF-8344-4930-A3DB-8EB7DA99FBA7}.Debug|Any CPU.ActiveCfg = Debug|Any CPU
		{093166AF-8344-4930-A3DB-8EB7DA99FBA7}.Debug|Any CPU.Build.0 = Debug|Any CPU
		{093166AF-8344-4930-A3DB-8EB7DA99FBA7}.Release|Any CPU.ActiveCfg = Release|Any CPU
		{093166AF-8344-4930-A3DB-8EB7DA99FBA7}.Release|Any CPU.Build.0 = Release|Any CPU
	EndGlobalSection
	GlobalSection(SolutionProperties) = preSolution
		HideSolutionNode = FALSE
	EndGlobalSection
	GlobalSection(ExtensibilityGlobals) = postSolution
		SolutionGuid = {88ACE391-E93C-4DB4-A9B4-EB8C25F7CA1C}
	EndGlobalSection
EndGlobal
